// !$*UTF8*$!
{
	archiveVersion = 1;
	classes = {
	};
	objectVersion = 50;
	objects = {

/* Begin PBXBuildFile section */
		240311702626A35300CDD02E /* RestaurantTableViewCell.swift in Sources */ = {isa = PBXBuildFile; fileRef = 2403116F2626A35300CDD02E /* RestaurantTableViewCell.swift */; };
		240311752626BC6900CDD02E /* default-image.jpg in Resources */ = {isa = PBXBuildFile; fileRef = 240311742626BC6900CDD02E /* default-image.jpg */; };
		2470F2F4262955E20055B3AC /* NoteTableViewCell.swift in Sources */ = {isa = PBXBuildFile; fileRef = 2470F2F3262955E20055B3AC /* NoteTableViewCell.swift */; };
		2470F2FC26296B2E0055B3AC /* CollectionDetailViewController.swift in Sources */ = {isa = PBXBuildFile; fileRef = 2470F2FB26296B2E0055B3AC /* CollectionDetailViewController.swift */; };
		2480F04F262E4A5500F07301 /* TempRestaurant.swift in Sources */ = {isa = PBXBuildFile; fileRef = 2480F04E262E4A5500F07301 /* TempRestaurant.swift */; };
		2480F054262EC58B00F07301 /* GetRandomRestaurant.swift in Sources */ = {isa = PBXBuildFile; fileRef = 2480F053262EC58B00F07301 /* GetRandomRestaurant.swift */; };
		2481A01D26256C6900833B68 /* SearchRestaurantsViewController.swift in Sources */ = {isa = PBXBuildFile; fileRef = 2481A01C26256C6900833B68 /* SearchRestaurantsViewController.swift */; };
		2481A0222625850000833B68 /* SearchRestaurantDetailViewController.swift in Sources */ = {isa = PBXBuildFile; fileRef = 2481A0212625850000833B68 /* SearchRestaurantDetailViewController.swift */; };
		24F7A351261D1E4000B6EBAF /* AppDelegate.swift in Sources */ = {isa = PBXBuildFile; fileRef = 24F7A350261D1E4000B6EBAF /* AppDelegate.swift */; };
		24F7A353261D1E4000B6EBAF /* SceneDelegate.swift in Sources */ = {isa = PBXBuildFile; fileRef = 24F7A352261D1E4000B6EBAF /* SceneDelegate.swift */; };
		24F7A355261D1E4000B6EBAF /* MainViewController.swift in Sources */ = {isa = PBXBuildFile; fileRef = 24F7A354261D1E4000B6EBAF /* MainViewController.swift */; };
		24F7A358261D1E4000B6EBAF /* Main.storyboard in Resources */ = {isa = PBXBuildFile; fileRef = 24F7A356261D1E4000B6EBAF /* Main.storyboard */; };
		24F7A35B261D1E4000B6EBAF /* foodr.xcdatamodeld in Sources */ = {isa = PBXBuildFile; fileRef = 24F7A359261D1E4000B6EBAF /* foodr.xcdatamodeld */; };
		24F7A35D261D1E4000B6EBAF /* Assets.xcassets in Resources */ = {isa = PBXBuildFile; fileRef = 24F7A35C261D1E4000B6EBAF /* Assets.xcassets */; };
		24F7A360261D1E4000B6EBAF /* LaunchScreen.storyboard in Resources */ = {isa = PBXBuildFile; fileRef = 24F7A35E261D1E4000B6EBAF /* LaunchScreen.storyboard */; };
		24F7A36B261D1E4100B6EBAF /* foodrTests.swift in Sources */ = {isa = PBXBuildFile; fileRef = 24F7A36A261D1E4100B6EBAF /* foodrTests.swift */; };
		24F7A376261D1E4100B6EBAF /* foodrUITests.swift in Sources */ = {isa = PBXBuildFile; fileRef = 24F7A375261D1E4100B6EBAF /* foodrUITests.swift */; };
		24F7A38A261D349200B6EBAF /* AddRestaurantViewController.swift in Sources */ = {isa = PBXBuildFile; fileRef = 24F7A389261D349200B6EBAF /* AddRestaurantViewController.swift */; };
		24F7A38F261D52A500B6EBAF /* CollectionTableViewController.swift in Sources */ = {isa = PBXBuildFile; fileRef = 24F7A38E261D52A500B6EBAF /* CollectionTableViewController.swift */; };
/* End PBXBuildFile section */

/* Begin PBXContainerItemProxy section */
		24F7A367261D1E4100B6EBAF /* PBXContainerItemProxy */ = {
			isa = PBXContainerItemProxy;
			containerPortal = 24F7A345261D1E4000B6EBAF /* Project object */;
			proxyType = 1;
			remoteGlobalIDString = 24F7A34C261D1E4000B6EBAF;
			remoteInfo = foodr;
		};
		24F7A372261D1E4100B6EBAF /* PBXContainerItemProxy */ = {
			isa = PBXContainerItemProxy;
			containerPortal = 24F7A345261D1E4000B6EBAF /* Project object */;
			proxyType = 1;
			remoteGlobalIDString = 24F7A34C261D1E4000B6EBAF;
			remoteInfo = foodr;
		};
/* End PBXContainerItemProxy section */

/* Begin PBXFileReference section */
		2403116F2626A35300CDD02E /* RestaurantTableViewCell.swift */ = {isa = PBXFileReference; lastKnownFileType = sourcecode.swift; path = RestaurantTableViewCell.swift; sourceTree = "<group>"; };
		240311742626BC6900CDD02E /* default-image.jpg */ = {isa = PBXFileReference; lastKnownFileType = image.jpeg; path = "default-image.jpg"; sourceTree = "<group>"; };
		2470F2F3262955E20055B3AC /* NoteTableViewCell.swift */ = {isa = PBXFileReference; lastKnownFileType = sourcecode.swift; path = NoteTableViewCell.swift; sourceTree = "<group>"; };
		2470F2FB26296B2E0055B3AC /* CollectionDetailViewController.swift */ = {isa = PBXFileReference; lastKnownFileType = sourcecode.swift; path = CollectionDetailViewController.swift; sourceTree = "<group>"; };
		2480F04E262E4A5500F07301 /* TempRestaurant.swift */ = {isa = PBXFileReference; lastKnownFileType = sourcecode.swift; path = TempRestaurant.swift; sourceTree = "<group>"; };
		2480F053262EC58B00F07301 /* GetRandomRestaurant.swift */ = {isa = PBXFileReference; lastKnownFileType = sourcecode.swift; path = GetRandomRestaurant.swift; sourceTree = "<group>"; };
		2481A01C26256C6900833B68 /* SearchRestaurantsViewController.swift */ = {isa = PBXFileReference; lastKnownFileType = sourcecode.swift; path = SearchRestaurantsViewController.swift; sourceTree = "<group>"; };
		2481A0212625850000833B68 /* SearchRestaurantDetailViewController.swift */ = {isa = PBXFileReference; lastKnownFileType = sourcecode.swift; path = SearchRestaurantDetailViewController.swift; sourceTree = "<group>"; };
		24F7A34D261D1E4000B6EBAF /* foodr.app */ = {isa = PBXFileReference; explicitFileType = wrapper.application; includeInIndex = 0; path = foodr.app; sourceTree = BUILT_PRODUCTS_DIR; };
		24F7A350261D1E4000B6EBAF /* AppDelegate.swift */ = {isa = PBXFileReference; lastKnownFileType = sourcecode.swift; path = AppDelegate.swift; sourceTree = "<group>"; };
		24F7A352261D1E4000B6EBAF /* SceneDelegate.swift */ = {isa = PBXFileReference; lastKnownFileType = sourcecode.swift; path = SceneDelegate.swift; sourceTree = "<group>"; };
		24F7A354261D1E4000B6EBAF /* MainViewController.swift */ = {isa = PBXFileReference; lastKnownFileType = sourcecode.swift; path = MainViewController.swift; sourceTree = "<group>"; };
		24F7A357261D1E4000B6EBAF /* Base */ = {isa = PBXFileReference; lastKnownFileType = file.storyboard; name = Base; path = Base.lproj/Main.storyboard; sourceTree = "<group>"; };
		24F7A35A261D1E4000B6EBAF /* foodr.xcdatamodel */ = {isa = PBXFileReference; lastKnownFileType = wrapper.xcdatamodel; path = foodr.xcdatamodel; sourceTree = "<group>"; };
		24F7A35C261D1E4000B6EBAF /* Assets.xcassets */ = {isa = PBXFileReference; lastKnownFileType = folder.assetcatalog; path = Assets.xcassets; sourceTree = "<group>"; };
		24F7A35F261D1E4000B6EBAF /* Base */ = {isa = PBXFileReference; lastKnownFileType = file.storyboard; name = Base; path = Base.lproj/LaunchScreen.storyboard; sourceTree = "<group>"; };
		24F7A361261D1E4000B6EBAF /* Info.plist */ = {isa = PBXFileReference; lastKnownFileType = text.plist.xml; path = Info.plist; sourceTree = "<group>"; };
		24F7A366261D1E4100B6EBAF /* foodrTests.xctest */ = {isa = PBXFileReference; explicitFileType = wrapper.cfbundle; includeInIndex = 0; path = foodrTests.xctest; sourceTree = BUILT_PRODUCTS_DIR; };
		24F7A36A261D1E4100B6EBAF /* foodrTests.swift */ = {isa = PBXFileReference; lastKnownFileType = sourcecode.swift; path = foodrTests.swift; sourceTree = "<group>"; };
		24F7A36C261D1E4100B6EBAF /* Info.plist */ = {isa = PBXFileReference; lastKnownFileType = text.plist.xml; path = Info.plist; sourceTree = "<group>"; };
		24F7A371261D1E4100B6EBAF /* foodrUITests.xctest */ = {isa = PBXFileReference; explicitFileType = wrapper.cfbundle; includeInIndex = 0; path = foodrUITests.xctest; sourceTree = BUILT_PRODUCTS_DIR; };
		24F7A375261D1E4100B6EBAF /* foodrUITests.swift */ = {isa = PBXFileReference; lastKnownFileType = sourcecode.swift; path = foodrUITests.swift; sourceTree = "<group>"; };
		24F7A377261D1E4100B6EBAF /* Info.plist */ = {isa = PBXFileReference; lastKnownFileType = text.plist.xml; path = Info.plist; sourceTree = "<group>"; };
		24F7A389261D349200B6EBAF /* AddRestaurantViewController.swift */ = {isa = PBXFileReference; lastKnownFileType = sourcecode.swift; path = AddRestaurantViewController.swift; sourceTree = "<group>"; };
		24F7A38E261D52A500B6EBAF /* CollectionTableViewController.swift */ = {isa = PBXFileReference; lastKnownFileType = sourcecode.swift; path = CollectionTableViewController.swift; sourceTree = "<group>"; };
/* End PBXFileReference section */

/* Begin PBXFrameworksBuildPhase section */
		24F7A34A261D1E4000B6EBAF /* Frameworks */ = {
			isa = PBXFrameworksBuildPhase;
			buildActionMask = 2147483647;
			files = (
			);
			runOnlyForDeploymentPostprocessing = 0;
		};
		24F7A363261D1E4100B6EBAF /* Frameworks */ = {
			isa = PBXFrameworksBuildPhase;
			buildActionMask = 2147483647;
			files = (
			);
			runOnlyForDeploymentPostprocessing = 0;
		};
		24F7A36E261D1E4100B6EBAF /* Frameworks */ = {
			isa = PBXFrameworksBuildPhase;
			buildActionMask = 2147483647;
			files = (
			);
			runOnlyForDeploymentPostprocessing = 0;
		};
/* End PBXFrameworksBuildPhase section */

/* Begin PBXGroup section */
		24F7A344261D1E4000B6EBAF = {
			isa = PBXGroup;
			children = (
				24F7A34F261D1E4000B6EBAF /* foodr */,
				24F7A369261D1E4100B6EBAF /* foodrTests */,
				24F7A374261D1E4100B6EBAF /* foodrUITests */,
				24F7A34E261D1E4000B6EBAF /* Products */,
			);
			sourceTree = "<group>";
		};
		24F7A34E261D1E4000B6EBAF /* Products */ = {
			isa = PBXGroup;
			children = (
				24F7A34D261D1E4000B6EBAF /* foodr.app */,
				24F7A366261D1E4100B6EBAF /* foodrTests.xctest */,
				24F7A371261D1E4100B6EBAF /* foodrUITests.xctest */,
			);
			name = Products;
			sourceTree = "<group>";
		};
		24F7A34F261D1E4000B6EBAF /* foodr */ = {
			isa = PBXGroup;
			children = (
				24F7A350261D1E4000B6EBAF /* AppDelegate.swift */,
				24F7A352261D1E4000B6EBAF /* SceneDelegate.swift */,
				24F7A354261D1E4000B6EBAF /* MainViewController.swift */,
				24F7A356261D1E4000B6EBAF /* Main.storyboard */,
				24F7A35C261D1E4000B6EBAF /* Assets.xcassets */,
				24F7A35E261D1E4000B6EBAF /* LaunchScreen.storyboard */,
				24F7A361261D1E4000B6EBAF /* Info.plist */,
				24F7A359261D1E4000B6EBAF /* foodr.xcdatamodeld */,
				24F7A389261D349200B6EBAF /* AddRestaurantViewController.swift */,
				24F7A38E261D52A500B6EBAF /* CollectionTableViewController.swift */,
				2481A01C26256C6900833B68 /* SearchRestaurantsViewController.swift */,
				240311742626BC6900CDD02E /* default-image.jpg */,
				2481A0212625850000833B68 /* SearchRestaurantDetailViewController.swift */,
				2403116F2626A35300CDD02E /* RestaurantTableViewCell.swift */,
				2470F2F3262955E20055B3AC /* NoteTableViewCell.swift */,
				2470F2FB26296B2E0055B3AC /* CollectionDetailViewController.swift */,
				2480F04E262E4A5500F07301 /* TempRestaurant.swift */,
				2480F053262EC58B00F07301 /* GetRandomRestaurant.swift */,
			);
			path = foodr;
			sourceTree = "<group>";
		};
		24F7A369261D1E4100B6EBAF /* foodrTests */ = {
			isa = PBXGroup;
			children = (
				24F7A36A261D1E4100B6EBAF /* foodrTests.swift */,
				24F7A36C261D1E4100B6EBAF /* Info.plist */,
			);
			path = foodrTests;
			sourceTree = "<group>";
		};
		24F7A374261D1E4100B6EBAF /* foodrUITests */ = {
			isa = PBXGroup;
			children = (
				24F7A375261D1E4100B6EBAF /* foodrUITests.swift */,
				24F7A377261D1E4100B6EBAF /* Info.plist */,
			);
			path = foodrUITests;
			sourceTree = "<group>";
		};
/* End PBXGroup section */

/* Begin PBXNativeTarget section */
		24F7A34C261D1E4000B6EBAF /* foodr */ = {
			isa = PBXNativeTarget;
			buildConfigurationList = 24F7A37A261D1E4100B6EBAF /* Build configuration list for PBXNativeTarget "foodr" */;
			buildPhases = (
				24F7A349261D1E4000B6EBAF /* Sources */,
				24F7A34A261D1E4000B6EBAF /* Frameworks */,
				24F7A34B261D1E4000B6EBAF /* Resources */,
			);
			buildRules = (
			);
			dependencies = (
			);
			name = foodr;
			productName = foodr;
			productReference = 24F7A34D261D1E4000B6EBAF /* foodr.app */;
			productType = "com.apple.product-type.application";
		};
		24F7A365261D1E4100B6EBAF /* foodrTests */ = {
			isa = PBXNativeTarget;
			buildConfigurationList = 24F7A37D261D1E4100B6EBAF /* Build configuration list for PBXNativeTarget "foodrTests" */;
			buildPhases = (
				24F7A362261D1E4100B6EBAF /* Sources */,
				24F7A363261D1E4100B6EBAF /* Frameworks */,
				24F7A364261D1E4100B6EBAF /* Resources */,
			);
			buildRules = (
			);
			dependencies = (
				24F7A368261D1E4100B6EBAF /* PBXTargetDependency */,
			);
			name = foodrTests;
			productName = foodrTests;
			productReference = 24F7A366261D1E4100B6EBAF /* foodrTests.xctest */;
			productType = "com.apple.product-type.bundle.unit-test";
		};
		24F7A370261D1E4100B6EBAF /* foodrUITests */ = {
			isa = PBXNativeTarget;
			buildConfigurationList = 24F7A380261D1E4100B6EBAF /* Build configuration list for PBXNativeTarget "foodrUITests" */;
			buildPhases = (
				24F7A36D261D1E4100B6EBAF /* Sources */,
				24F7A36E261D1E4100B6EBAF /* Frameworks */,
				24F7A36F261D1E4100B6EBAF /* Resources */,
			);
			buildRules = (
			);
			dependencies = (
				24F7A373261D1E4100B6EBAF /* PBXTargetDependency */,
			);
			name = foodrUITests;
			productName = foodrUITests;
			productReference = 24F7A371261D1E4100B6EBAF /* foodrUITests.xctest */;
			productType = "com.apple.product-type.bundle.ui-testing";
		};
/* End PBXNativeTarget section */

/* Begin PBXProject section */
		24F7A345261D1E4000B6EBAF /* Project object */ = {
			isa = PBXProject;
			attributes = {
				LastSwiftUpdateCheck = 1240;
				LastUpgradeCheck = 1240;
				TargetAttributes = {
					24F7A34C261D1E4000B6EBAF = {
						CreatedOnToolsVersion = 12.4;
					};
					24F7A365261D1E4100B6EBAF = {
						CreatedOnToolsVersion = 12.4;
						TestTargetID = 24F7A34C261D1E4000B6EBAF;
					};
					24F7A370261D1E4100B6EBAF = {
						CreatedOnToolsVersion = 12.4;
						TestTargetID = 24F7A34C261D1E4000B6EBAF;
					};
				};
			};
			buildConfigurationList = 24F7A348261D1E4000B6EBAF /* Build configuration list for PBXProject "foodr" */;
			compatibilityVersion = "Xcode 9.3";
			developmentRegion = en;
			hasScannedForEncodings = 0;
			knownRegions = (
				en,
				Base,
			);
			mainGroup = 24F7A344261D1E4000B6EBAF;
			productRefGroup = 24F7A34E261D1E4000B6EBAF /* Products */;
			projectDirPath = "";
			projectRoot = "";
			targets = (
				24F7A34C261D1E4000B6EBAF /* foodr */,
				24F7A365261D1E4100B6EBAF /* foodrTests */,
				24F7A370261D1E4100B6EBAF /* foodrUITests */,
			);
		};
/* End PBXProject section */

/* Begin PBXResourcesBuildPhase section */
		24F7A34B261D1E4000B6EBAF /* Resources */ = {
			isa = PBXResourcesBuildPhase;
			buildActionMask = 2147483647;
			files = (
				24F7A360261D1E4000B6EBAF /* LaunchScreen.storyboard in Resources */,
				240311752626BC6900CDD02E /* default-image.jpg in Resources */,
				24F7A35D261D1E4000B6EBAF /* Assets.xcassets in Resources */,
				24F7A358261D1E4000B6EBAF /* Main.storyboard in Resources */,
			);
			runOnlyForDeploymentPostprocessing = 0;
		};
		24F7A364261D1E4100B6EBAF /* Resources */ = {
			isa = PBXResourcesBuildPhase;
			buildActionMask = 2147483647;
			files = (
			);
			runOnlyForDeploymentPostprocessing = 0;
		};
		24F7A36F261D1E4100B6EBAF /* Resources */ = {
			isa = PBXResourcesBuildPhase;
			buildActionMask = 2147483647;
			files = (
			);
			runOnlyForDeploymentPostprocessing = 0;
		};
/* End PBXResourcesBuildPhase section */

/* Begin PBXSourcesBuildPhase section */
		24F7A349261D1E4000B6EBAF /* Sources */ = {
			isa = PBXSourcesBuildPhase;
			buildActionMask = 2147483647;
			files = (
				24F7A38F261D52A500B6EBAF /* CollectionTableViewController.swift in Sources */,
				24F7A35B261D1E4000B6EBAF /* foodr.xcdatamodeld in Sources */,
				2481A01D26256C6900833B68 /* SearchRestaurantsViewController.swift in Sources */,
				2470F2FC26296B2E0055B3AC /* CollectionDetailViewController.swift in Sources */,
				2470F2F4262955E20055B3AC /* NoteTableViewCell.swift in Sources */,
				24F7A355261D1E4000B6EBAF /* MainViewController.swift in Sources */,
				24F7A351261D1E4000B6EBAF /* AppDelegate.swift in Sources */,
				24F7A38A261D349200B6EBAF /* AddRestaurantViewController.swift in Sources */,
				2480F054262EC58B00F07301 /* GetRandomRestaurant.swift in Sources */,
				2481A0222625850000833B68 /* SearchRestaurantDetailViewController.swift in Sources */,
				240311702626A35300CDD02E /* RestaurantTableViewCell.swift in Sources */,
				2480F04F262E4A5500F07301 /* TempRestaurant.swift in Sources */,
				24F7A353261D1E4000B6EBAF /* SceneDelegate.swift in Sources */,
			);
			runOnlyForDeploymentPostprocessing = 0;
		};
		24F7A362261D1E4100B6EBAF /* Sources */ = {
			isa = PBXSourcesBuildPhase;
			buildActionMask = 2147483647;
			files = (
				24F7A36B261D1E4100B6EBAF /* foodrTests.swift in Sources */,
			);
			runOnlyForDeploymentPostprocessing = 0;
		};
		24F7A36D261D1E4100B6EBAF /* Sources */ = {
			isa = PBXSourcesBuildPhase;
			buildActionMask = 2147483647;
			files = (
				24F7A376261D1E4100B6EBAF /* foodrUITests.swift in Sources */,
			);
			runOnlyForDeploymentPostprocessing = 0;
		};
/* End PBXSourcesBuildPhase section */

/* Begin PBXTargetDependency section */
		24F7A368261D1E4100B6EBAF /* PBXTargetDependency */ = {
			isa = PBXTargetDependency;
			target = 24F7A34C261D1E4000B6EBAF /* foodr */;
			targetProxy = 24F7A367261D1E4100B6EBAF /* PBXContainerItemProxy */;
		};
		24F7A373261D1E4100B6EBAF /* PBXTargetDependency */ = {
			isa = PBXTargetDependency;
			target = 24F7A34C261D1E4000B6EBAF /* foodr */;
			targetProxy = 24F7A372261D1E4100B6EBAF /* PBXContainerItemProxy */;
		};
/* End PBXTargetDependency section */

/* Begin PBXVariantGroup section */
		24F7A356261D1E4000B6EBAF /* Main.storyboard */ = {
			isa = PBXVariantGroup;
			children = (
				24F7A357261D1E4000B6EBAF /* Base */,
			);
			name = Main.storyboard;
			sourceTree = "<group>";
		};
		24F7A35E261D1E4000B6EBAF /* LaunchScreen.storyboard */ = {
			isa = PBXVariantGroup;
			children = (
				24F7A35F261D1E4000B6EBAF /* Base */,
			);
			name = LaunchScreen.storyboard;
			sourceTree = "<group>";
		};
/* End PBXVariantGroup section */

/* Begin XCBuildConfiguration section */
		24F7A378261D1E4100B6EBAF /* Debug */ = {
			isa = XCBuildConfiguration;
			buildSettings = {
				ALWAYS_SEARCH_USER_PATHS = NO;
				CLANG_ANALYZER_NONNULL = YES;
				CLANG_ANALYZER_NUMBER_OBJECT_CONVERSION = YES_AGGRESSIVE;
				CLANG_CXX_LANGUAGE_STANDARD = "gnu++14";
				CLANG_CXX_LIBRARY = "libc++";
				CLANG_ENABLE_MODULES = YES;
				CLANG_ENABLE_OBJC_ARC = YES;
				CLANG_ENABLE_OBJC_WEAK = YES;
				CLANG_WARN_BLOCK_CAPTURE_AUTORELEASING = YES;
				CLANG_WARN_BOOL_CONVERSION = YES;
				CLANG_WARN_COMMA = YES;
				CLANG_WARN_CONSTANT_CONVERSION = YES;
				CLANG_WARN_DEPRECATED_OBJC_IMPLEMENTATIONS = YES;
				CLANG_WARN_DIRECT_OBJC_ISA_USAGE = YES_ERROR;
				CLANG_WARN_DOCUMENTATION_COMMENTS = YES;
				CLANG_WARN_EMPTY_BODY = YES;
				CLANG_WARN_ENUM_CONVERSION = YES;
				CLANG_WARN_INFINITE_RECURSION = YES;
				CLANG_WARN_INT_CONVERSION = YES;
				CLANG_WARN_NON_LITERAL_NULL_CONVERSION = YES;
				CLANG_WARN_OBJC_IMPLICIT_RETAIN_SELF = YES;
				CLANG_WARN_OBJC_LITERAL_CONVERSION = YES;
				CLANG_WARN_OBJC_ROOT_CLASS = YES_ERROR;
				CLANG_WARN_QUOTED_INCLUDE_IN_FRAMEWORK_HEADER = YES;
				CLANG_WARN_RANGE_LOOP_ANALYSIS = YES;
				CLANG_WARN_STRICT_PROTOTYPES = YES;
				CLANG_WARN_SUSPICIOUS_MOVE = YES;
				CLANG_WARN_UNGUARDED_AVAILABILITY = YES_AGGRESSIVE;
				CLANG_WARN_UNREACHABLE_CODE = YES;
				CLANG_WARN__DUPLICATE_METHOD_MATCH = YES;
				COPY_PHASE_STRIP = NO;
				DEBUG_INFORMATION_FORMAT = dwarf;
				ENABLE_STRICT_OBJC_MSGSEND = YES;
				ENABLE_TESTABILITY = YES;
				GCC_C_LANGUAGE_STANDARD = gnu11;
				GCC_DYNAMIC_NO_PIC = NO;
				GCC_NO_COMMON_BLOCKS = YES;
				GCC_OPTIMIZATION_LEVEL = 0;
				GCC_PREPROCESSOR_DEFINITIONS = (
					"DEBUG=1",
					"$(inherited)",
				);
				GCC_WARN_64_TO_32_BIT_CONVERSION = YES;
				GCC_WARN_ABOUT_RETURN_TYPE = YES_ERROR;
				GCC_WARN_UNDECLARED_SELECTOR = YES;
				GCC_WARN_UNINITIALIZED_AUTOS = YES_AGGRESSIVE;
				GCC_WARN_UNUSED_FUNCTION = YES;
				GCC_WARN_UNUSED_VARIABLE = YES;
				IPHONEOS_DEPLOYMENT_TARGET = 14.4;
				MTL_ENABLE_DEBUG_INFO = INCLUDE_SOURCE;
				MTL_FAST_MATH = YES;
				ONLY_ACTIVE_ARCH = YES;
				SDKROOT = iphoneos;
				SWIFT_ACTIVE_COMPILATION_CONDITIONS = DEBUG;
				SWIFT_OPTIMIZATION_LEVEL = "-Onone";
			};
			name = Debug;
		};
		24F7A379261D1E4100B6EBAF /* Release */ = {
			isa = XCBuildConfiguration;
			buildSettings = {
				ALWAYS_SEARCH_USER_PATHS = NO;
				CLANG_ANALYZER_NONNULL = YES;
				CLANG_ANALYZER_NUMBER_OBJECT_CONVERSION = YES_AGGRESSIVE;
				CLANG_CXX_LANGUAGE_STANDARD = "gnu++14";
				CLANG_CXX_LIBRARY = "libc++";
				CLANG_ENABLE_MODULES = YES;
				CLANG_ENABLE_OBJC_ARC = YES;
				CLANG_ENABLE_OBJC_WEAK = YES;
				CLANG_WARN_BLOCK_CAPTURE_AUTORELEASING = YES;
				CLANG_WARN_BOOL_CONVERSION = YES;
				CLANG_WARN_COMMA = YES;
				CLANG_WARN_CONSTANT_CONVERSION = YES;
				CLANG_WARN_DEPRECATED_OBJC_IMPLEMENTATIONS = YES;
				CLANG_WARN_DIRECT_OBJC_ISA_USAGE = YES_ERROR;
				CLANG_WARN_DOCUMENTATION_COMMENTS = YES;
				CLANG_WARN_EMPTY_BODY = YES;
				CLANG_WARN_ENUM_CONVERSION = YES;
				CLANG_WARN_INFINITE_RECURSION = YES;
				CLANG_WARN_INT_CONVERSION = YES;
				CLANG_WARN_NON_LITERAL_NULL_CONVERSION = YES;
				CLANG_WARN_OBJC_IMPLICIT_RETAIN_SELF = YES;
				CLANG_WARN_OBJC_LITERAL_CONVERSION = YES;
				CLANG_WARN_OBJC_ROOT_CLASS = YES_ERROR;
				CLANG_WARN_QUOTED_INCLUDE_IN_FRAMEWORK_HEADER = YES;
				CLANG_WARN_RANGE_LOOP_ANALYSIS = YES;
				CLANG_WARN_STRICT_PROTOTYPES = YES;
				CLANG_WARN_SUSPICIOUS_MOVE = YES;
				CLANG_WARN_UNGUARDED_AVAILABILITY = YES_AGGRESSIVE;
				CLANG_WARN_UNREACHABLE_CODE = YES;
				CLANG_WARN__DUPLICATE_METHOD_MATCH = YES;
				COPY_PHASE_STRIP = NO;
				DEBUG_INFORMATION_FORMAT = "dwarf-with-dsym";
				ENABLE_NS_ASSERTIONS = NO;
				ENABLE_STRICT_OBJC_MSGSEND = YES;
				GCC_C_LANGUAGE_STANDARD = gnu11;
				GCC_NO_COMMON_BLOCKS = YES;
				GCC_WARN_64_TO_32_BIT_CONVERSION = YES;
				GCC_WARN_ABOUT_RETURN_TYPE = YES_ERROR;
				GCC_WARN_UNDECLARED_SELECTOR = YES;
				GCC_WARN_UNINITIALIZED_AUTOS = YES_AGGRESSIVE;
				GCC_WARN_UNUSED_FUNCTION = YES;
				GCC_WARN_UNUSED_VARIABLE = YES;
				IPHONEOS_DEPLOYMENT_TARGET = 14.4;
				MTL_ENABLE_DEBUG_INFO = NO;
				MTL_FAST_MATH = YES;
				SDKROOT = iphoneos;
				SWIFT_COMPILATION_MODE = wholemodule;
				SWIFT_OPTIMIZATION_LEVEL = "-O";
				VALIDATE_PRODUCT = YES;
			};
			name = Release;
		};
		24F7A37B261D1E4100B6EBAF /* Debug */ = {
			isa = XCBuildConfiguration;
			buildSettings = {
				ASSETCATALOG_COMPILER_APPICON_NAME = AppIcon;
				ASSETCATALOG_COMPILER_GLOBAL_ACCENT_COLOR_NAME = AccentColor;
				CODE_SIGN_STYLE = Automatic;
				INFOPLIST_FILE = foodr/Info.plist;
				LD_RUNPATH_SEARCH_PATHS = (
					"$(inherited)",
					"@executable_path/Frameworks",
				);
				PRODUCT_BUNDLE_IDENTIFIER = PhongBach.foodr;
				PRODUCT_NAME = "$(TARGET_NAME)";
				SWIFT_VERSION = 5.0;
				TARGETED_DEVICE_FAMILY = "1,2";
			};
			name = Debug;
		};
		24F7A37C261D1E4100B6EBAF /* Release */ = {
			isa = XCBuildConfiguration;
			buildSettings = {
				ASSETCATALOG_COMPILER_APPICON_NAME = AppIcon;
				ASSETCATALOG_COMPILER_GLOBAL_ACCENT_COLOR_NAME = AccentColor;
				CODE_SIGN_STYLE = Automatic;
				INFOPLIST_FILE = foodr/Info.plist;
				LD_RUNPATH_SEARCH_PATHS = (
					"$(inherited)",
					"@executable_path/Frameworks",
				);
				PRODUCT_BUNDLE_IDENTIFIER = PhongBach.foodr;
				PRODUCT_NAME = "$(TARGET_NAME)";
				SWIFT_VERSION = 5.0;
				TARGETED_DEVICE_FAMILY = "1,2";
			};
			name = Release;
		};
		24F7A37E261D1E4100B6EBAF /* Debug */ = {
			isa = XCBuildConfiguration;
			buildSettings = {
				ALWAYS_EMBED_SWIFT_STANDARD_LIBRARIES = YES;
				BUNDLE_LOADER = "$(TEST_HOST)";
				CODE_SIGN_STYLE = Automatic;
				INFOPLIST_FILE = foodrTests/Info.plist;
				IPHONEOS_DEPLOYMENT_TARGET = 14.4;
				LD_RUNPATH_SEARCH_PATHS = (
					"$(inherited)",
					"@executable_path/Frameworks",
					"@loader_path/Frameworks",
				);
				PRODUCT_BUNDLE_IDENTIFIER = PhongBach.foodrTests;
				PRODUCT_NAME = "$(TARGET_NAME)";
				SWIFT_VERSION = 5.0;
				TARGETED_DEVICE_FAMILY = "1,2";
				TEST_HOST = "$(BUILT_PRODUCTS_DIR)/foodr.app/foodr";
			};
			name = Debug;
		};
		24F7A37F261D1E4100B6EBAF /* Release */ = {
			isa = XCBuildConfiguration;
			buildSettings = {
				ALWAYS_EMBED_SWIFT_STANDARD_LIBRARIES = YES;
				BUNDLE_LOADER = "$(TEST_HOST)";
				CODE_SIGN_STYLE = Automatic;
				INFOPLIST_FILE = foodrTests/Info.plist;
				IPHONEOS_DEPLOYMENT_TARGET = 14.4;
				LD_RUNPATH_SEARCH_PATHS = (
					"$(inherited)",
					"@executable_path/Frameworks",
					"@loader_path/Frameworks",
				);
				PRODUCT_BUNDLE_IDENTIFIER = PhongBach.foodrTests;
				PRODUCT_NAME = "$(TARGET_NAME)";
				SWIFT_VERSION = 5.0;
				TARGETED_DEVICE_FAMILY = "1,2";
				TEST_HOST = "$(BUILT_PRODUCTS_DIR)/foodr.app/foodr";
			};
			name = Release;
		};
		24F7A381261D1E4100B6EBAF /* Debug */ = {
			isa = XCBuildConfiguration;
			buildSettings = {
				ALWAYS_EMBED_SWIFT_STANDARD_LIBRARIES = YES;
				CODE_SIGN_STYLE = Automatic;
				INFOPLIST_FILE = foodrUITests/Info.plist;
				LD_RUNPATH_SEARCH_PATHS = (
					"$(inherited)",
					"@executable_path/Frameworks",
					"@loader_path/Frameworks",
				);
				PRODUCT_BUNDLE_IDENTIFIER = PhongBach.foodrUITests;
				PRODUCT_NAME = "$(TARGET_NAME)";
				SWIFT_VERSION = 5.0;
				TARGETED_DEVICE_FAMILY = "1,2";
				TEST_TARGET_NAME = foodr;
			};
			name = Debug;
		};
		24F7A382261D1E4100B6EBAF /* Release */ = {
			isa = XCBuildConfiguration;
			buildSettings = {
				ALWAYS_EMBED_SWIFT_STANDARD_LIBRARIES = YES;
				CODE_SIGN_STYLE = Automatic;
				INFOPLIST_FILE = foodrUITests/Info.plist;
				LD_RUNPATH_SEARCH_PATHS = (
					"$(inherited)",
					"@executable_path/Frameworks",
					"@loader_path/Frameworks",
				);
				PRODUCT_BUNDLE_IDENTIFIER = PhongBach.foodrUITests;
				PRODUCT_NAME = "$(TARGET_NAME)";
				SWIFT_VERSION = 5.0;
				TARGETED_DEVICE_FAMILY = "1,2";
				TEST_TARGET_NAME = foodr;
			};
			name = Release;
		};
/* End XCBuildConfiguration section */

/* Begin XCConfigurationList section */
		24F7A348261D1E4000B6EBAF /* Build configuration list for PBXProject "foodr" */ = {
			isa = XCConfigurationList;
			buildConfigurations = (
				24F7A378261D1E4100B6EBAF /* Debug */,
				24F7A379261D1E4100B6EBAF /* Release */,
			);
			defaultConfigurationIsVisible = 0;
			defaultConfigurationName = Release;
		};
		24F7A37A261D1E4100B6EBAF /* Build configuration list for PBXNativeTarget "foodr" */ = {
			isa = XCConfigurationList;
			buildConfigurations = (
				24F7A37B261D1E4100B6EBAF /* Debug */,
				24F7A37C261D1E4100B6EBAF /* Release */,
			);
			defaultConfigurationIsVisible = 0;
			defaultConfigurationName = Release;
		};
		24F7A37D261D1E4100B6EBAF /* Build configuration list for PBXNativeTarget "foodrTests" */ = {
			isa = XCConfigurationList;
			buildConfigurations = (
				24F7A37E261D1E4100B6EBAF /* Debug */,
				24F7A37F261D1E4100B6EBAF /* Release */,
			);
			defaultConfigurationIsVisible = 0;
			defaultConfigurationName = Release;
		};
		24F7A380261D1E4100B6EBAF /* Build configuration list for PBXNativeTarget "foodrUITests" */ = {
			isa = XCConfigurationList;
			buildConfigurations = (
				24F7A381261D1E4100B6EBAF /* Debug */,
				24F7A382261D1E4100B6EBAF /* Release */,
			);
			defaultConfigurationIsVisible = 0;
			defaultConfigurationName = Release;
		};
/* End XCConfigurationList section */

/* Begin XCVersionGroup section */
		24F7A359261D1E4000B6EBAF /* foodr.xcdatamodeld */ = {
			isa = XCVersionGroup;
			children = (
				24F7A35A261D1E4000B6EBAF /* foodr.xcdatamodel */,
			);
			currentVersion = 24F7A35A261D1E4000B6EBAF /* foodr.xcdatamodel */;
			path = foodr.xcdatamodeld;
			sourceTree = "<group>";
			versionGroupType = wrapper.xcdatamodel;
		};
/* End XCVersionGroup section */
	};
	rootObject = 24F7A345261D1E4000B6EBAF /* Project object */;
}
